
Microsoft Visual Studio Solution File, Format Version 12.00
# Visual Studio 15
VisualStudioVersion = 15.0.27130.2036
MinimumVisualStudioVersion = 10.0.40219.1
Project("{FAE04EC0-301F-11D3-BF4B-00C04F79EFBC}") = "XR", "XR\XR.csproj", "{B0AA904C-726B-4604-A367-2CB0156ECEA3}"
EndProject
Project("{FAE04EC0-301F-11D3-BF4B-00C04F79EFBC}") = "XR.Model", "XR.Model\XR.Model.csproj", "{3AA7D115-74EC-4854-B58F-7D5808C71020}"
EndProject
Project("{FAE04EC0-301F-11D3-BF4B-00C04F79EFBC}") = "XR.Repository", "XR.Repository\XR.Repository.csproj", "{216D5944-05CE-4299-965E-5387FDFEE413}"
EndProject
Global
	GlobalSection(SolutionConfigurationPlatforms) = preSolution
		Debug|Any CPU = Debug|Any CPU
		Release|Any CPU = Release|Any CPU
	EndGlobalSection
	GlobalSection(ProjectConfigurationPlatforms) = postSolution
		{B0AA904C-726B-4604-A367-2CB0156ECEA3}.Debug|Any CPU.ActiveCfg = Debug|Any CPU
		{B0AA904C-726B-4604-A367-2CB0156ECEA3}.Debug|Any CPU.Build.0 = Debug|Any CPU
		{B0AA904C-726B-4604-A367-2CB0156ECEA3}.Release|Any CPU.ActiveCfg = Release|Any CPU
		{B0AA904C-726B-4604-A367-2CB0156ECEA3}.Release|Any CPU.Build.0 = Release|Any CPU
		{3AA7D115-74EC-4854-B58F-7D5808C71020}.Debug|Any CPU.ActiveCfg = Debug|Any CPU
		{3AA7D115-74EC-4854-B58F-7D5808C71020}.Debug|Any CPU.Build.0 = Debug|Any CPU
		{3AA7D115-74EC-4854-B58F-7D5808C71020}.Release|Any CPU.ActiveCfg = Release|Any CPU
		{3AA7D115-74EC-4854-B58F-7D5808C71020}.Release|Any CPU.Build.0 = Release|Any CPU
		{216D5944-05CE-4299-965E-5387FDFEE413}.Debug|Any CPU.ActiveCfg = Debug|Any CPU
		{216D5944-05CE-4299-965E-5387FDFEE413}.Debug|Any CPU.Build.0 = Debug|Any CPU
		{216D5944-05CE-4299-965E-5387FDFEE413}.Release|Any CPU.ActiveCfg = Release|Any CPU
		{216D5944-05CE-4299-965E-5387FDFEE413}.Release|Any CPU.Build.0 = Release|Any CPU
	EndGlobalSection
	GlobalSection(SolutionProperties) = preSolution
		HideSolutionNode = FALSE
	EndGlobalSection
	GlobalSection(ExtensibilityGlobals) = postSolution
		SolutionGuid = {87D54AA5-7DB1-423E-BDFA-B420DCF6856F}
	EndGlobalSection
EndGlobal
